# This file was autogenerated by Stack.
# You should not edit this file by hand.
# For more information, please see the documentation at:
#   https://docs.haskellstack.org/en/stable/lock_files

packages:
- completed:
    name: juman-tools
    version: 0.1.6
    git: https://github.com/DaisukeBekki/nlp-tools.git
    pantry-tree:
      size: 933
      sha256: 3fb81f8d6974842a21f20d7ed724ff5573de7a72c759ec9259c96e4ca1c114fa
    commit: 68005951bf12d80ade4a94a22892c203c143b911
  original:
    git: https://github.com/DaisukeBekki/nlp-tools.git
    commit: 68005951bf12d80ade4a94a22892c203c143b911
- completed:
    hackage: json-stream-0.4.2.4@sha256:c605847382f1f2458a09d379998ff44805a4a4fa6346ba4786fd239b23282244,4759
    pantry-tree:
      size: 2055
      sha256: c8390902f25e97ed1f016bb01fde3d5e145c497b4f5f9ea0c26a8d1c58023a62
  original:
    hackage: json-stream-0.4.2.4
snapshots:
- completed:
    size: 586069
    url: https://raw.githubusercontent.com/commercialhaskell/stackage-snapshots/master/lts/18/14.yaml
    sha256: 87842ecbaa8ca9cee59a7e6be52369dbed82ed075cb4e0d152614a627e8fd488
  original: lts-18.14
